# THIS IS AN AUTOGENERATED FILE. DO NOT EDIT THIS FILE DIRECTLY.
# yarn lockfile v1


zustand@^3.3.3:
  version "3.3.3"
  resolved "https://registry.yarnpkg.com/zustand/-/zustand-3.3.3.tgz#88b930a873d0f13e406f96958c1409645ea8b370"
  integrity sha512-KTN/O76rVc9muDoprsCDe/LQjbuq+GHYt5JdYahuXaGZ+8Gyk44SepzTFeQTF5J+b8+/Q+o90BaSEQ3WImKPog==
